
Microsoft Visual Studio Solution File, Format Version 12.00
# Visual Studio Version 17
VisualStudioVersion = 17.5.33530.505
MinimumVisualStudioVersion = 10.0.40219.1
Project("{FAE04EC0-301F-11D3-BF4B-00C04F79EFBC}") = "LogeersCrud", "LogeersCrud\LogeersCrud.csproj", "{C45293BF-83B0-4B60-B4A3-2786022D05B9}"
EndProject
Global
	GlobalSection(SolutionConfigurationPlatforms) = preSolution
		Debug|Any CPU = Debug|Any CPU
		Release|Any CPU = Release|Any CPU
	EndGlobalSection
	GlobalSection(ProjectConfigurationPlatforms) = postSolution
		{C45293BF-83B0-4B60-B4A3-2786022D05B9}.Debug|Any CPU.ActiveCfg = Debug|Any CPU
		{C45293BF-83B0-4B60-B4A3-2786022D05B9}.Debug|Any CPU.Build.0 = Debug|Any CPU
		{C45293BF-83B0-4B60-B4A3-2786022D05B9}.Release|Any CPU.ActiveCfg = Release|Any CPU
		{C45293BF-83B0-4B60-B4A3-2786022D05B9}.Release|Any CPU.Build.0 = Release|Any CPU
	EndGlobalSection
	GlobalSection(SolutionProperties) = preSolution
		HideSolutionNode = FALSE
	EndGlobalSection
	GlobalSection(ExtensibilityGlobals) = postSolution
		SolutionGuid = {2A19B81D-6801-4467-90B3-20E50CEF493D}
	EndGlobalSection
EndGlobal
